
Microsoft Visual Studio Solution File, Format Version 12.00
# Visual Studio 15
VisualStudioVersion = 15.0.28307.102
MinimumVisualStudioVersion = 10.0.40219.1
Project("{FAE04EC0-301F-11D3-BF4B-00C04F79EFBC}") = "inverseyou.presentation", "inverseyou.presentation\inverseyou.presentation.csproj", "{55B97D04-0FC8-4E27-A5FC-47EAB11431B8}"
EndProject
Global
	GlobalSection(SolutionConfigurationPlatforms) = preSolution
		Debug|Any CPU = Debug|Any CPU
		Release|Any CPU = Release|Any CPU
	EndGlobalSection
	GlobalSection(ProjectConfigurationPlatforms) = postSolution
		{55B97D04-0FC8-4E27-A5FC-47EAB11431B8}.Debug|Any CPU.ActiveCfg = Debug|Any CPU
		{55B97D04-0FC8-4E27-A5FC-47EAB11431B8}.Debug|Any CPU.Build.0 = Debug|Any CPU
		{55B97D04-0FC8-4E27-A5FC-47EAB11431B8}.Release|Any CPU.ActiveCfg = Release|Any CPU
		{55B97D04-0FC8-4E27-A5FC-47EAB11431B8}.Release|Any CPU.Build.0 = Release|Any CPU
	EndGlobalSection
	GlobalSection(SolutionProperties) = preSolution
		HideSolutionNode = FALSE
	EndGlobalSection
	GlobalSection(ExtensibilityGlobals) = postSolution
		SolutionGuid = {45BA539C-8DA4-4DB4-A918-EF043094A3F1}
	EndGlobalSection
EndGlobal
